
Microsoft Visual Studio Solution File, Format Version 12.00
# Visual Studio Version 16
VisualStudioVersion = 16.0.32929.386
MinimumVisualStudioVersion = 10.0.40219.1
Project("{FAE04EC0-301F-11D3-BF4B-00C04F79EFBC}") = "FinalChallenge", "FinalChallenge\FinalChallenge.csproj", "{DFCA58F4-CDDD-464F-9099-120895A7D2AA}"
EndProject
Global
	GlobalSection(SolutionConfigurationPlatforms) = preSolution
		Debug|Any CPU = Debug|Any CPU
		Release|Any CPU = Release|Any CPU
	EndGlobalSection
	GlobalSection(ProjectConfigurationPlatforms) = postSolution
		{DFCA58F4-CDDD-464F-9099-120895A7D2AA}.Debug|Any CPU.ActiveCfg = Debug|Any CPU
		{DFCA58F4-CDDD-464F-9099-120895A7D2AA}.Debug|Any CPU.Build.0 = Debug|Any CPU
		{DFCA58F4-CDDD-464F-9099-120895A7D2AA}.Release|Any CPU.ActiveCfg = Release|Any CPU
		{DFCA58F4-CDDD-464F-9099-120895A7D2AA}.Release|Any CPU.Build.0 = Release|Any CPU
	EndGlobalSection
	GlobalSection(SolutionProperties) = preSolution
		HideSolutionNode = FALSE
	EndGlobalSection
	GlobalSection(ExtensibilityGlobals) = postSolution
		SolutionGuid = {2A090E26-3E30-4912-B5F5-D97191132045}
	EndGlobalSection
EndGlobal
